// !$*UTF8*$!
{
	archiveVersion = 1;
	classes = {
	};
	objectVersion = 46;
	objects = {

/* Begin PBXBuildFile section */
		A86AAA97190937CC00B0EC8B /* Foundation.framework in Frameworks */ = {isa = PBXBuildFile; fileRef = A86AAA96190937CC00B0EC8B /* Foundation.framework */; };
		A86AAA99190937CC00B0EC8B /* CoreGraphics.framework in Frameworks */ = {isa = PBXBuildFile; fileRef = A86AAA98190937CC00B0EC8B /* CoreGraphics.framework */; };
		A86AAA9B190937CC00B0EC8B /* UIKit.framework in Frameworks */ = {isa = PBXBuildFile; fileRef = A86AAA9A190937CC00B0EC8B /* UIKit.framework */; };
		A86AAAA1190937CC00B0EC8B /* InfoPlist.strings in Resources */ = {isa = PBXBuildFile; fileRef = A86AAA9F190937CC00B0EC8B /* InfoPlist.strings */; };
		A86AAAA3190937CC00B0EC8B /* main.m in Sources */ = {isa = PBXBuildFile; fileRef = A86AAAA2190937CC00B0EC8B /* main.m */; };
		A86AAAA7190937CC00B0EC8B /* AppDelegate.m in Sources */ = {isa = PBXBuildFile; fileRef = A86AAAA6190937CC00B0EC8B /* AppDelegate.m */; };
		A86AAAAA190937CC00B0EC8B /* Main.storyboard in Resources */ = {isa = PBXBuildFile; fileRef = A86AAAA8190937CC00B0EC8B /* Main.storyboard */; };
		A86AAAAD190937CC00B0EC8B /* ViewController.m in Sources */ = {isa = PBXBuildFile; fileRef = A86AAAAC190937CC00B0EC8B /* ViewController.m */; };
		A86AAAAF190937CC00B0EC8B /* Images.xcassets in Resources */ = {isa = PBXBuildFile; fileRef = A86AAAAE190937CC00B0EC8B /* Images.xcassets */; };
		A86AAAB6190937CC00B0EC8B /* XCTest.framework in Frameworks */ = {isa = PBXBuildFile; fileRef = A86AAAB5190937CC00B0EC8B /* XCTest.framework */; };
		A86AAAB7190937CC00B0EC8B /* Foundation.framework in Frameworks */ = {isa = PBXBuildFile; fileRef = A86AAA96190937CC00B0EC8B /* Foundation.framework */; };
		A86AAAB8190937CC00B0EC8B /* UIKit.framework in Frameworks */ = {isa = PBXBuildFile; fileRef = A86AAA9A190937CC00B0EC8B /* UIKit.framework */; };
		A86AAAC0190937CC00B0EC8B /* InfoPlist.strings in Resources */ = {isa = PBXBuildFile; fileRef = A86AAABE190937CC00B0EC8B /* InfoPlist.strings */; };
		A86AAAC2190937CC00B0EC8B /* TestTableViewerTests.m in Sources */ = {isa = PBXBuildFile; fileRef = A86AAAC1190937CC00B0EC8B /* TestTableViewerTests.m */; };
		A86AAAD019093A2100B0EC8B /* DataManager.m in Sources */ = {isa = PBXBuildFile; fileRef = A86AAACF19093A2100B0EC8B /* DataManager.m */; };
		A86AAAD519093A2900B0EC8B /* Ananas_tb.png in Resources */ = {isa = PBXBuildFile; fileRef = A86AAAD119093A2900B0EC8B /* Ananas_tb.png */; };
		A86AAAD619093A2900B0EC8B /* Apple_tb.png in Resources */ = {isa = PBXBuildFile; fileRef = A86AAAD219093A2900B0EC8B /* Apple_tb.png */; };
		A86AAAD719093A2900B0EC8B /* Apricot_tb.png in Resources */ = {isa = PBXBuildFile; fileRef = A86AAAD319093A2900B0EC8B /* Apricot_tb.png */; };
		A86AAAD819093A2900B0EC8B /* Banana_tb.png in Resources */ = {isa = PBXBuildFile; fileRef = A86AAAD419093A2900B0EC8B /* Banana_tb.png */; };
		A86AAADB19093D9400B0EC8B /* FruitCell.m in Sources */ = {isa = PBXBuildFile; fileRef = A86AAADA19093D9400B0EC8B /* FruitCell.m */; };
/* End PBXBuildFile section */

/* Begin PBXContainerItemProxy section */
		A86AAAB9190937CC00B0EC8B /* PBXContainerItemProxy */ = {
			isa = PBXContainerItemProxy;
			containerPortal = A86AAA8B190937CC00B0EC8B /* Project object */;
			proxyType = 1;
			remoteGlobalIDString = A86AAA92190937CC00B0EC8B;
			remoteInfo = TestTableViewer;
		};
/* End PBXContainerItemProxy section */

/* Begin PBXFileReference section */
		A86AAA93190937CC00B0EC8B /* TestTableViewer.app */ = {isa = PBXFileReference; explicitFileType = wrapper.application; includeInIndex = 0; path = TestTableViewer.app; sourceTree = BUILT_PRODUCTS_DIR; };
		A86AAA96190937CC00B0EC8B /* Foundation.framework */ = {isa = PBXFileReference; lastKnownFileType = wrapper.framework; name = Foundation.framework; path = System/Library/Frameworks/Foundation.framework; sourceTree = SDKROOT; };
		A86AAA98190937CC00B0EC8B /* CoreGraphics.framework */ = {isa = PBXFileReference; lastKnownFileType = wrapper.framework; name = CoreGraphics.framework; path = System/Library/Frameworks/CoreGraphics.framework; sourceTree = SDKROOT; };
		A86AAA9A190937CC00B0EC8B /* UIKit.framework */ = {isa = PBXFileReference; lastKnownFileType = wrapper.framework; name = UIKit.framework; path = System/Library/Frameworks/UIKit.framework; sourceTree = SDKROOT; };
		A86AAA9E190937CC00B0EC8B /* TestTableViewer-Info.plist */ = {isa = PBXFileReference; lastKnownFileType = text.plist.xml; path = "TestTableViewer-Info.plist"; sourceTree = "<group>"; };
		A86AAAA0190937CC00B0EC8B /* en */ = {isa = PBXFileReference; lastKnownFileType = text.plist.strings; name = en; path = en.lproj/InfoPlist.strings; sourceTree = "<group>"; };
		A86AAAA2190937CC00B0EC8B /* main.m */ = {isa = PBXFileReference; lastKnownFileType = sourcecode.c.objc; path = main.m; sourceTree = "<group>"; };
		A86AAAA4190937CC00B0EC8B /* TestTableViewer-Prefix.pch */ = {isa = PBXFileReference; lastKnownFileType = sourcecode.c.h; path = "TestTableViewer-Prefix.pch"; sourceTree = "<group>"; };
		A86AAAA5190937CC00B0EC8B /* AppDelegate.h */ = {isa = PBXFileReference; lastKnownFileType = sourcecode.c.h; path = AppDelegate.h; sourceTree = "<group>"; };
		A86AAAA6190937CC00B0EC8B /* AppDelegate.m */ = {isa = PBXFileReference; lastKnownFileType = sourcecode.c.objc; path = AppDelegate.m; sourceTree = "<group>"; };
		A86AAAA9190937CC00B0EC8B /* Base */ = {isa = PBXFileReference; lastKnownFileType = file.storyboard; name = Base; path = Base.lproj/Main.storyboard; sourceTree = "<group>"; };
		A86AAAAB190937CC00B0EC8B /* ViewController.h */ = {isa = PBXFileReference; lastKnownFileType = sourcecode.c.h; path = ViewController.h; sourceTree = "<group>"; };
		A86AAAAC190937CC00B0EC8B /* ViewController.m */ = {isa = PBXFileReference; lastKnownFileType = sourcecode.c.objc; path = ViewController.m; sourceTree = "<group>"; };
		A86AAAAE190937CC00B0EC8B /* Images.xcassets */ = {isa = PBXFileReference; lastKnownFileType = folder.assetcatalog; path = Images.xcassets; sourceTree = "<group>"; };
		A86AAAB4190937CC00B0EC8B /* TestTableViewerTests.xctest */ = {isa = PBXFileReference; explicitFileType = wrapper.cfbundle; includeInIndex = 0; path = TestTableViewerTests.xctest; sourceTree = BUILT_PRODUCTS_DIR; };
		A86AAAB5190937CC00B0EC8B /* XCTest.framework */ = {isa = PBXFileReference; lastKnownFileType = wrapper.framework; name = XCTest.framework; path = Library/Frameworks/XCTest.framework; sourceTree = DEVELOPER_DIR; };
		A86AAABD190937CC00B0EC8B /* TestTableViewerTests-Info.plist */ = {isa = PBXFileReference; lastKnownFileType = text.plist.xml; path = "TestTableViewerTests-Info.plist"; sourceTree = "<group>"; };
		A86AAABF190937CC00B0EC8B /* en */ = {isa = PBXFileReference; lastKnownFileType = text.plist.strings; name = en; path = en.lproj/InfoPlist.strings; sourceTree = "<group>"; };
		A86AAAC1190937CC00B0EC8B /* TestTableViewerTests.m */ = {isa = PBXFileReference; lastKnownFileType = sourcecode.c.objc; path = TestTableViewerTests.m; sourceTree = "<group>"; };
		A86AAACE19093A2100B0EC8B /* DataManager.h */ = {isa = PBXFileReference; fileEncoding = 4; lastKnownFileType = sourcecode.c.h; path = DataManager.h; sourceTree = "<group>"; };
		A86AAACF19093A2100B0EC8B /* DataManager.m */ = {isa = PBXFileReference; fileEncoding = 4; lastKnownFileType = sourcecode.c.objc; path = DataManager.m; sourceTree = "<group>"; };
		A86AAAD119093A2900B0EC8B /* Ananas_tb.png */ = {isa = PBXFileReference; lastKnownFileType = image.png; path = Ananas_tb.png; sourceTree = "<group>"; };
		A86AAAD219093A2900B0EC8B /* Apple_tb.png */ = {isa = PBXFileReference; lastKnownFileType = image.png; path = Apple_tb.png; sourceTree = "<group>"; };
		A86AAAD319093A2900B0EC8B /* Apricot_tb.png */ = {isa = PBXFileReference; lastKnownFileType = image.png; path = Apricot_tb.png; sourceTree = "<group>"; };
		A86AAAD419093A2900B0EC8B /* Banana_tb.png */ = {isa = PBXFileReference; lastKnownFileType = image.png; path = Banana_tb.png; sourceTree = "<group>"; };
		A86AAAD919093D9400B0EC8B /* FruitCell.h */ = {isa = PBXFileReference; fileEncoding = 4; lastKnownFileType = sourcecode.c.h; path = FruitCell.h; sourceTree = "<group>"; };
		A86AAADA19093D9400B0EC8B /* FruitCell.m */ = {isa = PBXFileReference; fileEncoding = 4; lastKnownFileType = sourcecode.c.objc; path = FruitCell.m; sourceTree = "<group>"; };
/* End PBXFileReference section */

/* Begin PBXFrameworksBuildPhase section */
		A86AAA90190937CC00B0EC8B /* Frameworks */ = {
			isa = PBXFrameworksBuildPhase;
			buildActionMask = 2147483647;
			files = (
				A86AAA99190937CC00B0EC8B /* CoreGraphics.framework in Frameworks */,
				A86AAA9B190937CC00B0EC8B /* UIKit.framework in Frameworks */,
				A86AAA97190937CC00B0EC8B /* Foundation.framework in Frameworks */,
			);
			runOnlyForDeploymentPostprocessing = 0;
		};
		A86AAAB1190937CC00B0EC8B /* Frameworks */ = {
			isa = PBXFrameworksBuildPhase;
			buildActionMask = 2147483647;
			files = (
				A86AAAB6190937CC00B0EC8B /* XCTest.framework in Frameworks */,
				A86AAAB8190937CC00B0EC8B /* UIKit.framework in Frameworks */,
				A86AAAB7190937CC00B0EC8B /* Foundation.framework in Frameworks */,
			);
			runOnlyForDeploymentPostprocessing = 0;
		};
/* End PBXFrameworksBuildPhase section */

/* Begin PBXGroup section */
		A86AAA8A190937CC00B0EC8B = {
			isa = PBXGroup;
			children = (
				A86AAA9C190937CC00B0EC8B /* TestTableViewer */,
				A86AAABB190937CC00B0EC8B /* TestTableViewerTests */,
				A86AAA95190937CC00B0EC8B /* Frameworks */,
				A86AAA94190937CC00B0EC8B /* Products */,
			);
			sourceTree = "<group>";
		};
		A86AAA94190937CC00B0EC8B /* Products */ = {
			isa = PBXGroup;
			children = (
				A86AAA93190937CC00B0EC8B /* TestTableViewer.app */,
				A86AAAB4190937CC00B0EC8B /* TestTableViewerTests.xctest */,
			);
			name = Products;
			sourceTree = "<group>";
		};
		A86AAA95190937CC00B0EC8B /* Frameworks */ = {
			isa = PBXGroup;
			children = (
				A86AAA96190937CC00B0EC8B /* Foundation.framework */,
				A86AAA98190937CC00B0EC8B /* CoreGraphics.framework */,
				A86AAA9A190937CC00B0EC8B /* UIKit.framework */,
				A86AAAB5190937CC00B0EC8B /* XCTest.framework */,
			);
			name = Frameworks;
			sourceTree = "<group>";
		};
		A86AAA9C190937CC00B0EC8B /* TestTableViewer */ = {
			isa = PBXGroup;
			children = (
				A86AAAA5190937CC00B0EC8B /* AppDelegate.h */,
				A86AAAA6190937CC00B0EC8B /* AppDelegate.m */,
				A86AAAA8190937CC00B0EC8B /* Main.storyboard */,
				A86AAAAB190937CC00B0EC8B /* ViewController.h */,
				A86AAAAC190937CC00B0EC8B /* ViewController.m */,
				A86AAAD919093D9400B0EC8B /* FruitCell.h */,
				A86AAADA19093D9400B0EC8B /* FruitCell.m */,
				A86AAAAE190937CC00B0EC8B /* Images.xcassets */,
				A86AAACE19093A2100B0EC8B /* DataManager.h */,
				A86AAACF19093A2100B0EC8B /* DataManager.m */,
				A86AAA9D190937CC00B0EC8B /* Supporting Files */,
			);
			path = TestTableViewer;
			sourceTree = "<group>";
		};
		A86AAA9D190937CC00B0EC8B /* Supporting Files */ = {
			isa = PBXGroup;
			children = (
				A86AAAD119093A2900B0EC8B /* Ananas_tb.png */,
				A86AAAD219093A2900B0EC8B /* Apple_tb.png */,
				A86AAAD319093A2900B0EC8B /* Apricot_tb.png */,
				A86AAAD419093A2900B0EC8B /* Banana_tb.png */,
				A86AAA9E190937CC00B0EC8B /* TestTableViewer-Info.plist */,
				A86AAA9F190937CC00B0EC8B /* InfoPlist.strings */,
				A86AAAA2190937CC00B0EC8B /* main.m */,
				A86AAAA4190937CC00B0EC8B /* TestTableViewer-Prefix.pch */,
			);
			name = "Supporting Files";
			sourceTree = "<group>";
		};
		A86AAABB190937CC00B0EC8B /* TestTableViewerTests */ = {
			isa = PBXGroup;
			children = (
				A86AAAC1190937CC00B0EC8B /* TestTableViewerTests.m */,
				A86AAABC190937CC00B0EC8B /* Supporting Files */,
			);
			path = TestTableViewerTests;
			sourceTree = "<group>";
		};
		A86AAABC190937CC00B0EC8B /* Supporting Files */ = {
			isa = PBXGroup;
			children = (
				A86AAABD190937CC00B0EC8B /* TestTableViewerTests-Info.plist */,
				A86AAABE190937CC00B0EC8B /* InfoPlist.strings */,
			);
			name = "Supporting Files";
			sourceTree = "<group>";
		};
/* End PBXGroup section */

/* Begin PBXNativeTarget section */
		A86AAA92190937CC00B0EC8B /* TestTableViewer */ = {
			isa = PBXNativeTarget;
			buildConfigurationList = A86AAAC5190937CC00B0EC8B /* Build configuration list for PBXNativeTarget "TestTableViewer" */;
			buildPhases = (
				A86AAA8F190937CC00B0EC8B /* Sources */,
				A86AAA90190937CC00B0EC8B /* Frameworks */,
				A86AAA91190937CC00B0EC8B /* Resources */,
			);
			buildRules = (
			);
			dependencies = (
			);
			name = TestTableViewer;
			productName = TestTableViewer;
			productReference = A86AAA93190937CC00B0EC8B /* TestTableViewer.app */;
			productType = "com.apple.product-type.application";
		};
		A86AAAB3190937CC00B0EC8B /* TestTableViewerTests */ = {
			isa = PBXNativeTarget;
			buildConfigurationList = A86AAAC8190937CC00B0EC8B /* Build configuration list for PBXNativeTarget "TestTableViewerTests" */;
			buildPhases = (
				A86AAAB0190937CC00B0EC8B /* Sources */,
				A86AAAB1190937CC00B0EC8B /* Frameworks */,
				A86AAAB2190937CC00B0EC8B /* Resources */,
			);
			buildRules = (
			);
			dependencies = (
				A86AAABA190937CC00B0EC8B /* PBXTargetDependency */,
			);
			name = TestTableViewerTests;
			productName = TestTableViewerTests;
			productReference = A86AAAB4190937CC00B0EC8B /* TestTableViewerTests.xctest */;
			productType = "com.apple.product-type.bundle.unit-test";
		};
/* End PBXNativeTarget section */

/* Begin PBXProject section */
		A86AAA8B190937CC00B0EC8B /* Project object */ = {
			isa = PBXProject;
			attributes = {
				LastUpgradeCheck = 0510;
				ORGANIZATIONNAME = Alexander;
				TargetAttributes = {
					A86AAAB3190937CC00B0EC8B = {
						TestTargetID = A86AAA92190937CC00B0EC8B;
					};
				};
			};
			buildConfigurationList = A86AAA8E190937CC00B0EC8B /* Build configuration list for PBXProject "TestTableViewer" */;
			compatibilityVersion = "Xcode 3.2";
			developmentRegion = English;
			hasScannedForEncodings = 0;
			knownRegions = (
				en,
				Base,
			);
			mainGroup = A86AAA8A190937CC00B0EC8B;
			productRefGroup = A86AAA94190937CC00B0EC8B /* Products */;
			projectDirPath = "";
			projectRoot = "";
			targets = (
				A86AAA92190937CC00B0EC8B /* TestTableViewer */,
				A86AAAB3190937CC00B0EC8B /* TestTableViewerTests */,
			);
		};
/* End PBXProject section */

/* Begin PBXResourcesBuildPhase section */
		A86AAA91190937CC00B0EC8B /* Resources */ = {
			isa = PBXResourcesBuildPhase;
			buildActionMask = 2147483647;
			files = (
				A86AAAD619093A2900B0EC8B /* Apple_tb.png in Resources */,
				A86AAAAF190937CC00B0EC8B /* Images.xcassets in Resources */,
				A86AAAA1190937CC00B0EC8B /* InfoPlist.strings in Resources */,
				A86AAAD819093A2900B0EC8B /* Banana_tb.png in Resources */,
				A86AAAAA190937CC00B0EC8B /* Main.storyboard in Resources */,
				A86AAAD719093A2900B0EC8B /* Apricot_tb.png in Resources */,
				A86AAAD519093A2900B0EC8B /* Ananas_tb.png in Resources */,
			);
			runOnlyForDeploymentPostprocessing = 0;
		};
		A86AAAB2190937CC00B0EC8B /* Resources */ = {
			isa = PBXResourcesBuildPhase;
			buildActionMask = 2147483647;
			files = (
				A86AAAC0190937CC00B0EC8B /* InfoPlist.strings in Resources */,
			);
			runOnlyForDeploymentPostprocessing = 0;
		};
/* End PBXResourcesBuildPhase section */

/* Begin PBXSourcesBuildPhase section */
		A86AAA8F190937CC00B0EC8B /* Sources */ = {
			isa = PBXSourcesBuildPhase;
			buildActionMask = 2147483647;
			files = (
				A86AAAAD190937CC00B0EC8B /* ViewController.m in Sources */,
				A86AAAD019093A2100B0EC8B /* DataManager.m in Sources */,
				A86AAADB19093D9400B0EC8B /* FruitCell.m in Sources */,
				A86AAAA7190937CC00B0EC8B /* AppDelegate.m in Sources */,
				A86AAAA3190937CC00B0EC8B /* main.m in Sources */,
			);
			runOnlyForDeploymentPostprocessing = 0;
		};
		A86AAAB0190937CC00B0EC8B /* Sources */ = {
			isa = PBXSourcesBuildPhase;
			buildActionMask = 2147483647;
			files = (
				A86AAAC2190937CC00B0EC8B /* TestTableViewerTests.m in Sources */,
			);
			runOnlyForDeploymentPostprocessing = 0;
		};
/* End PBXSourcesBuildPhase section */

/* Begin PBXTargetDependency section */
		A86AAABA190937CC00B0EC8B /* PBXTargetDependency */ = {
			isa = PBXTargetDependency;
			target = A86AAA92190937CC00B0EC8B /* TestTableViewer */;
			targetProxy = A86AAAB9190937CC00B0EC8B /* PBXContainerItemProxy */;
		};
/* End PBXTargetDependency section */

/* Begin PBXVariantGroup section */
		A86AAA9F190937CC00B0EC8B /* InfoPlist.strings */ = {
			isa = PBXVariantGroup;
			children = (
				A86AAAA0190937CC00B0EC8B /* en */,
			);
			name = InfoPlist.strings;
			sourceTree = "<group>";
		};
		A86AAAA8190937CC00B0EC8B /* Main.storyboard */ = {
			isa = PBXVariantGroup;
			children = (
				A86AAAA9190937CC00B0EC8B /* Base */,
			);
			name = Main.storyboard;
			sourceTree = "<group>";
		};
		A86AAABE190937CC00B0EC8B /* InfoPlist.strings */ = {
			isa = PBXVariantGroup;
			children = (
				A86AAABF190937CC00B0EC8B /* en */,
			);
			name = InfoPlist.strings;
			sourceTree = "<group>";
		};
/* End PBXVariantGroup section */

/* Begin XCBuildConfiguration section */
		A86AAAC3190937CC00B0EC8B /* Debug */ = {
			isa = XCBuildConfiguration;
			buildSettings = {
				ALWAYS_SEARCH_USER_PATHS = NO;
				CLANG_CXX_LANGUAGE_STANDARD = "gnu++0x";
				CLANG_CXX_LIBRARY = "libc++";
				CLANG_ENABLE_MODULES = YES;
				CLANG_ENABLE_OBJC_ARC = YES;
				CLANG_WARN_BOOL_CONVERSION = YES;
				CLANG_WARN_CONSTANT_CONVERSION = YES;
				CLANG_WARN_DIRECT_OBJC_ISA_USAGE = YES_ERROR;
				CLANG_WARN_EMPTY_BODY = YES;
				CLANG_WARN_ENUM_CONVERSION = YES;
				CLANG_WARN_INT_CONVERSION = YES;
				CLANG_WARN_OBJC_ROOT_CLASS = YES_ERROR;
				CLANG_WARN__DUPLICATE_METHOD_MATCH = YES;
				"CODE_SIGN_IDENTITY[sdk=iphoneos*]" = "iPhone Developer";
				COPY_PHASE_STRIP = NO;
				GCC_C_LANGUAGE_STANDARD = gnu99;
				GCC_DYNAMIC_NO_PIC = NO;
				GCC_OPTIMIZATION_LEVEL = 0;
				GCC_PREPROCESSOR_DEFINITIONS = (
					"DEBUG=1",
					"$(inherited)",
				);
				GCC_SYMBOLS_PRIVATE_EXTERN = NO;
				GCC_WARN_64_TO_32_BIT_CONVERSION = YES;
				GCC_WARN_ABOUT_RETURN_TYPE = YES_ERROR;
				GCC_WARN_UNDECLARED_SELECTOR = YES;
				GCC_WARN_UNINITIALIZED_AUTOS = YES_AGGRESSIVE;
				GCC_WARN_UNUSED_FUNCTION = YES;
				GCC_WARN_UNUSED_VARIABLE = YES;
				IPHONEOS_DEPLOYMENT_TARGET = 7.1;
				ONLY_ACTIVE_ARCH = YES;
				SDKROOT = iphoneos;
			};
			name = Debug;
		};
		A86AAAC4190937CC00B0EC8B /* Release */ = {
			isa = XCBuildConfiguration;
			buildSettings = {
				ALWAYS_SEARCH_USER_PATHS = NO;
				CLANG_CXX_LANGUAGE_STANDARD = "gnu++0x";
				CLANG_CXX_LIBRARY = "libc++";
				CLANG_ENABLE_MODULES = YES;
				CLANG_ENABLE_OBJC_ARC = YES;
				CLANG_WARN_BOOL_CONVERSION = YES;
				CLANG_WARN_CONSTANT_CONVERSION = YES;
				CLANG_WARN_DIRECT_OBJC_ISA_USAGE = YES_ERROR;
				CLANG_WARN_EMPTY_BODY = YES;
				CLANG_WARN_ENUM_CONVERSION = YES;
				CLANG_WARN_INT_CONVERSION = YES;
				CLANG_WARN_OBJC_ROOT_CLASS = YES_ERROR;
				CLANG_WARN__DUPLICATE_METHOD_MATCH = YES;
				"CODE_SIGN_IDENTITY[sdk=iphoneos*]" = "iPhone Developer";
				COPY_PHASE_STRIP = YES;
				ENABLE_NS_ASSERTIONS = NO;
				GCC_C_LANGUAGE_STANDARD = gnu99;
				GCC_WARN_64_TO_32_BIT_CONVERSION = YES;
				GCC_WARN_ABOUT_RETURN_TYPE = YES_ERROR;
				GCC_WARN_UNDECLARED_SELECTOR = YES;
				GCC_WARN_UNINITIALIZED_AUTOS = YES_AGGRESSIVE;
				GCC_WARN_UNUSED_FUNCTION = YES;
				GCC_WARN_UNUSED_VARIABLE = YES;
				IPHONEOS_DEPLOYMENT_TARGET = 7.1;
				SDKROOT = iphoneos;
				VALIDATE_PRODUCT = YES;
			};
			name = Release;
		};
		A86AAAC6190937CC00B0EC8B /* Debug */ = {
			isa = XCBuildConfiguration;
			buildSettings = {
				ASSETCATALOG_COMPILER_APPICON_NAME = AppIcon;
				ASSETCATALOG_COMPILER_LAUNCHIMAGE_NAME = LaunchImage;
				GCC_PRECOMPILE_PREFIX_HEADER = YES;
				GCC_PREFIX_HEADER = "TestTableViewer/TestTableViewer-Prefix.pch";
				INFOPLIST_FILE = "TestTableViewer/TestTableViewer-Info.plist";
				PRODUCT_NAME = "$(TARGET_NAME)";
				WRAPPER_EXTENSION = app;
			};
			name = Debug;
		};
		A86AAAC7190937CC00B0EC8B /* Release */ = {
			isa = XCBuildConfiguration;
			buildSettings = {
				ASSETCATALOG_COMPILER_APPICON_NAME = AppIcon;
				ASSETCATALOG_COMPILER_LAUNCHIMAGE_NAME = LaunchImage;
				GCC_PRECOMPILE_PREFIX_HEADER = YES;
				GCC_PREFIX_HEADER = "TestTableViewer/TestTableViewer-Prefix.pch";
				INFOPLIST_FILE = "TestTableViewer/TestTableViewer-Info.plist";
				PRODUCT_NAME = "$(TARGET_NAME)";
				WRAPPER_EXTENSION = app;
			};
			name = Release;
		};
		A86AAAC9190937CC00B0EC8B /* Debug */ = {
			isa = XCBuildConfiguration;
			buildSettings = {
				BUNDLE_LOADER = "$(BUILT_PRODUCTS_DIR)/TestTableViewer.app/TestTableViewer";
				FRAMEWORK_SEARCH_PATHS = (
					"$(SDKROOT)/Developer/Library/Frameworks",
					"$(inherited)",
					"$(DEVELOPER_FRAMEWORKS_DIR)",
				);
				GCC_PRECOMPILE_PREFIX_HEADER = YES;
				GCC_PREFIX_HEADER = "TestTableViewer/TestTableViewer-Prefix.pch";
				GCC_PREPROCESSOR_DEFINITIONS = (
					"DEBUG=1",
					"$(inherited)",
				);
				INFOPLIST_FILE = "TestTableViewerTests/TestTableViewerTests-Info.plist";
				PRODUCT_NAME = "$(TARGET_NAME)";
				TEST_HOST = "$(BUNDLE_LOADER)";
				WRAPPER_EXTENSION = xctest;
			};
			name = Debug;
		};
		A86AAACA190937CC00B0EC8B /* Release */ = {
			isa = XCBuildConfiguration;
			buildSettings = {
				BUNDLE_LOADER = "$(BUILT_PRODUCTS_DIR)/TestTableViewer.app/TestTableViewer";
				FRAMEWORK_SEARCH_PATHS = (
					"$(SDKROOT)/Developer/Library/Frameworks",
					"$(inherited)",
					"$(DEVELOPER_FRAMEWORKS_DIR)",
				);
				GCC_PRECOMPILE_PREFIX_HEADER = YES;
				GCC_PREFIX_HEADER = "TestTableViewer/TestTableViewer-Prefix.pch";
				INFOPLIST_FILE = "TestTableViewerTests/TestTableViewerTests-Info.plist";
				PRODUCT_NAME = "$(TARGET_NAME)";
				TEST_HOST = "$(BUNDLE_LOADER)";
				WRAPPER_EXTENSION = xctest;
			};
			name = Release;
		};
/* End XCBuildConfiguration section */

/* Begin XCConfigurationList section */
		A86AAA8E190937CC00B0EC8B /* Build configuration list for PBXProject "TestTableViewer" */ = {
			isa = XCConfigurationList;
			buildConfigurations = (
				A86AAAC3190937CC00B0EC8B /* Debug */,
				A86AAAC4190937CC00B0EC8B /* Release */,
			);
			defaultConfigurationIsVisible = 0;
			defaultConfigurationName = Release;
		};
		A86AAAC5190937CC00B0EC8B /* Build configuration list for PBXNativeTarget "TestTableViewer" */ = {
			isa = XCConfigurationList;
			buildConfigurations = (
				A86AAAC6190937CC00B0EC8B /* Debug */,
				A86AAAC7190937CC00B0EC8B /* Release */,
			);
			defaultConfigurationIsVisible = 0;
		};
		A86AAAC8190937CC00B0EC8B /* Build configuration list for PBXNativeTarget "TestTableViewerTests" */ = {
			isa = XCConfigurationList;
			buildConfigurations = (
				A86AAAC9190937CC00B0EC8B /* Debug */,
				A86AAACA190937CC00B0EC8B /* Release */,
			);
			defaultConfigurationIsVisible = 0;
		};
/* End XCConfigurationList section */
	};
	rootObject = A86AAA8B190937CC00B0EC8B /* Project object */;
}
